{
    "name": "test-dapp",
    "version": "0.1.0",
    "lockfileVersion": 1,
    "requires": true,
    "dependencies": {
        "erdor": {
            "version": "1.0.3",
            "resolved": "https://registry.npmjs.org/erdor/-/erdor-1.0.3.tgz",
            "integrity": "sha512-bknSF4Kit4KmGACdPSFRfeqItrlGkJL0DIeYkXn6tRVCZa9d1c9IyHcc7qoW0C2Q2KiusCtmsOBWFFsCOLnoUQ=="
        }
    }
}
